
Microsoft Visual Studio Solution File, Format Version 12.00
# Visual Studio 15
VisualStudioVersion = 15.0.28307.168
MinimumVisualStudioVersion = 10.0.40219.1
Project("{9A19103F-16F7-4668-BE54-9A1E7A4F7556}") = "ProtoBufNsCaseFix", "..\ProtoBufNsCaseFix\ProtoBufNsCaseFix.csproj", "{2BF64D96-9916-4AED-986A-2086D185E3E3}"
EndProject
Project("{9A19103F-16F7-4668-BE54-9A1E7A4F7556}") = "CsProto2Json", "..\CsProto2Json\CsProto2Json\CsProto2Json.csproj", "{096BB24B-F32D-4933-9C66-270741C89B49}"
EndProject
Project("{FAE04EC0-301F-11D3-BF4B-00C04F79EFBC}") = "Claros.Interfaces.CSharp", "..\Claros.Interfaces.CSharp\Claros.Interfaces.CSharp.csproj", "{CF154204-07E4-44DD-ACA2-B380FD11C987}"
EndProject
Global
	GlobalSection(SolutionConfigurationPlatforms) = preSolution
		Debug|Any CPU = Debug|Any CPU
		Release|Any CPU = Release|Any CPU
	EndGlobalSection
	GlobalSection(ProjectConfigurationPlatforms) = postSolution
		{2BF64D96-9916-4AED-986A-2086D185E3E3}.Debug|Any CPU.ActiveCfg = Debug|Any CPU
		{2BF64D96-9916-4AED-986A-2086D185E3E3}.Debug|Any CPU.Build.0 = Debug|Any CPU
		{2BF64D96-9916-4AED-986A-2086D185E3E3}.Release|Any CPU.ActiveCfg = Release|Any CPU
		{2BF64D96-9916-4AED-986A-2086D185E3E3}.Release|Any CPU.Build.0 = Release|Any CPU
		{096BB24B-F32D-4933-9C66-270741C89B49}.Debug|Any CPU.ActiveCfg = Debug|Any CPU
		{096BB24B-F32D-4933-9C66-270741C89B49}.Debug|Any CPU.Build.0 = Debug|Any CPU
		{096BB24B-F32D-4933-9C66-270741C89B49}.Release|Any CPU.ActiveCfg = Release|Any CPU
		{096BB24B-F32D-4933-9C66-270741C89B49}.Release|Any CPU.Build.0 = Release|Any CPU
		{CF154204-07E4-44DD-ACA2-B380FD11C987}.Debug|Any CPU.ActiveCfg = Debug|Any CPU
		{CF154204-07E4-44DD-ACA2-B380FD11C987}.Debug|Any CPU.Build.0 = Debug|Any CPU
		{CF154204-07E4-44DD-ACA2-B380FD11C987}.Release|Any CPU.ActiveCfg = Release|Any CPU
		{CF154204-07E4-44DD-ACA2-B380FD11C987}.Release|Any CPU.Build.0 = Release|Any CPU
	EndGlobalSection
	GlobalSection(SolutionProperties) = preSolution
		HideSolutionNode = FALSE
	EndGlobalSection
	GlobalSection(ExtensibilityGlobals) = postSolution
		SolutionGuid = {5A5AD7A7-B227-4CA6-A6EB-879517A3E190}
	EndGlobalSection
EndGlobal
