
Microsoft Visual Studio Solution File, Format Version 12.00
# Visual Studio Version 16
VisualStudioVersion = 16.0.29009.5
MinimumVisualStudioVersion = 10.0.40219.1
Project("{FAE04EC0-301F-11D3-BF4B-00C04F79EFBC}") = "Claros.Interfaces.ProtocolBuffers", "Claros.Interfaces.ProtocolBuffers.csproj", "{427C9D41-92A1-4713-AA1C-E759C772D1E6}"
EndProject
Global
	GlobalSection(SolutionConfigurationPlatforms) = preSolution
		Debug|Any CPU = Debug|Any CPU
		Release|Any CPU = Release|Any CPU
	EndGlobalSection
	GlobalSection(ProjectConfigurationPlatforms) = postSolution
		{427C9D41-92A1-4713-AA1C-E759C772D1E6}.Debug|Any CPU.ActiveCfg = Debug|Any CPU
		{427C9D41-92A1-4713-AA1C-E759C772D1E6}.Debug|Any CPU.Build.0 = Debug|Any CPU
		{427C9D41-92A1-4713-AA1C-E759C772D1E6}.Release|Any CPU.ActiveCfg = Release|Any CPU
		{427C9D41-92A1-4713-AA1C-E759C772D1E6}.Release|Any CPU.Build.0 = Release|Any CPU
	EndGlobalSection
	GlobalSection(SolutionProperties) = preSolution
		HideSolutionNode = FALSE
	EndGlobalSection
	GlobalSection(ExtensibilityGlobals) = postSolution
		SolutionGuid = {5A5AD7A7-B227-4CA6-A6EB-879517A3E190}
	EndGlobalSection
EndGlobal
