
Microsoft Visual Studio Solution File, Format Version 12.00
# Visual Studio Version 16
VisualStudioVersion = 16.0.29609.76
MinimumVisualStudioVersion = 10.0.40219.1
Project("{9A19103F-16F7-4668-BE54-9A1E7A4F7556}") = "Claros.Interfaces.CSharp", "Claros.Interfaces.CSharp.csproj", "{E0C96DB3-D045-4E9D-B274-0D2B873B4AC7}"
EndProject
Project("{FAE04EC0-301F-11D3-BF4B-00C04F79EFBC}") = "Claros.Interfaces.CSharp.Test.Unit", "..\Claros.Interfaces.CSharp.Test.Unit\Claros.Interfaces.CSharp.Test.Unit.csproj", "{DDF92E7C-3204-4726-9E6A-F7D02CFA7B3C}"
EndProject
Global
	GlobalSection(SolutionConfigurationPlatforms) = preSolution
		Debug|Any CPU = Debug|Any CPU
		Release|Any CPU = Release|Any CPU
	EndGlobalSection
	GlobalSection(ProjectConfigurationPlatforms) = postSolution
		{E0C96DB3-D045-4E9D-B274-0D2B873B4AC7}.Debug|Any CPU.ActiveCfg = Debug|Any CPU
		{E0C96DB3-D045-4E9D-B274-0D2B873B4AC7}.Debug|Any CPU.Build.0 = Debug|Any CPU
		{E0C96DB3-D045-4E9D-B274-0D2B873B4AC7}.Release|Any CPU.ActiveCfg = Release|Any CPU
		{E0C96DB3-D045-4E9D-B274-0D2B873B4AC7}.Release|Any CPU.Build.0 = Release|Any CPU
		{DDF92E7C-3204-4726-9E6A-F7D02CFA7B3C}.Debug|Any CPU.ActiveCfg = Debug|Any CPU
		{DDF92E7C-3204-4726-9E6A-F7D02CFA7B3C}.Debug|Any CPU.Build.0 = Debug|Any CPU
		{DDF92E7C-3204-4726-9E6A-F7D02CFA7B3C}.Release|Any CPU.ActiveCfg = Release|Any CPU
		{DDF92E7C-3204-4726-9E6A-F7D02CFA7B3C}.Release|Any CPU.Build.0 = Release|Any CPU
	EndGlobalSection
	GlobalSection(SolutionProperties) = preSolution
		HideSolutionNode = FALSE
	EndGlobalSection
	GlobalSection(ExtensibilityGlobals) = postSolution
		SolutionGuid = {83D5EDA7-D0B1-473A-9E67-7C3FC6C36BFA}
	EndGlobalSection
EndGlobal
