
Microsoft Visual Studio Solution File, Format Version 12.00
# Visual Studio Version 16
VisualStudioVersion = 16.0.29001.49
MinimumVisualStudioVersion = 10.0.40219.1
Project("{FAE04EC0-301F-11D3-BF4B-00C04F79EFBC}") = "Protobuf-Demo.Web", "Protobuf-Demo.Web.csproj", "{520AE923-A4F2-4C1F-8389-668752077B8E}"
EndProject
Global
	GlobalSection(SolutionConfigurationPlatforms) = preSolution
		Debug|Any CPU = Debug|Any CPU
		Release|Any CPU = Release|Any CPU
	EndGlobalSection
	GlobalSection(ProjectConfigurationPlatforms) = postSolution
		{520AE923-A4F2-4C1F-8389-668752077B8E}.Debug|Any CPU.ActiveCfg = Debug|Any CPU
		{520AE923-A4F2-4C1F-8389-668752077B8E}.Debug|Any CPU.Build.0 = Debug|Any CPU
		{520AE923-A4F2-4C1F-8389-668752077B8E}.Release|Any CPU.ActiveCfg = Release|Any CPU
		{520AE923-A4F2-4C1F-8389-668752077B8E}.Release|Any CPU.Build.0 = Release|Any CPU
	EndGlobalSection
	GlobalSection(SolutionProperties) = preSolution
		HideSolutionNode = FALSE
	EndGlobalSection
	GlobalSection(ExtensibilityGlobals) = postSolution
		SolutionGuid = {DEA9A0D2-51CE-4A69-A026-D2B86BE793CE}
	EndGlobalSection
EndGlobal
